
Microsoft Visual Studio Solution File, Format Version 12.00
# Visual Studio 15
VisualStudioVersion = 15.0.28307.757
MinimumVisualStudioVersion = 10.0.40219.1
Project("{FAE04EC0-301F-11D3-BF4B-00C04F79EFBC}") = "PixselToBitMap", "PixselToBitMap\PixselToBitMap.csproj", "{EDECFAE4-0656-40AC-B813-A018E63F965F}"
EndProject
Global
	GlobalSection(SolutionConfigurationPlatforms) = preSolution
		Debug|Any CPU = Debug|Any CPU
		Release|Any CPU = Release|Any CPU
	EndGlobalSection
	GlobalSection(ProjectConfigurationPlatforms) = postSolution
		{EDECFAE4-0656-40AC-B813-A018E63F965F}.Debug|Any CPU.ActiveCfg = Debug|Any CPU
		{EDECFAE4-0656-40AC-B813-A018E63F965F}.Debug|Any CPU.Build.0 = Debug|Any CPU
		{EDECFAE4-0656-40AC-B813-A018E63F965F}.Release|Any CPU.ActiveCfg = Release|Any CPU
		{EDECFAE4-0656-40AC-B813-A018E63F965F}.Release|Any CPU.Build.0 = Release|Any CPU
	EndGlobalSection
	GlobalSection(SolutionProperties) = preSolution
		HideSolutionNode = FALSE
	EndGlobalSection
	GlobalSection(ExtensibilityGlobals) = postSolution
		SolutionGuid = {91DF35E0-6FDA-430B-B0CB-73571AE10ADB}
	EndGlobalSection
EndGlobal
